
Microsoft Visual Studio Solution File, Format Version 12.00
# Visual Studio 15
VisualStudioVersion = 15.0.27130.2010
MinimumVisualStudioVersion = 10.0.40219.1
Project("{FAE04EC0-301F-11D3-BF4B-00C04F79EFBC}") = "VT_Shop", "VT_Shop\VT_Shop.csproj", "{BFD1A620-D8AE-4E95-88E9-17DACE80FA0A}"
EndProject
Global
	GlobalSection(SolutionConfigurationPlatforms) = preSolution
		Debug|Any CPU = Debug|Any CPU
		Release|Any CPU = Release|Any CPU
	EndGlobalSection
	GlobalSection(ProjectConfigurationPlatforms) = postSolution
		{BFD1A620-D8AE-4E95-88E9-17DACE80FA0A}.Debug|Any CPU.ActiveCfg = Debug|Any CPU
		{BFD1A620-D8AE-4E95-88E9-17DACE80FA0A}.Debug|Any CPU.Build.0 = Debug|Any CPU
		{BFD1A620-D8AE-4E95-88E9-17DACE80FA0A}.Release|Any CPU.ActiveCfg = Release|Any CPU
		{BFD1A620-D8AE-4E95-88E9-17DACE80FA0A}.Release|Any CPU.Build.0 = Release|Any CPU
	EndGlobalSection
	GlobalSection(SolutionProperties) = preSolution
		HideSolutionNode = FALSE
	EndGlobalSection
	GlobalSection(ExtensibilityGlobals) = postSolution
		SolutionGuid = {2E1FA395-C6B3-4C2D-BAE5-0FC95D265124}
	EndGlobalSection
EndGlobal
